
Microsoft Visual Studio Solution File, Format Version 12.00
# Visual Studio 15
Project("{FAE04EC0-301F-11D3-BF4B-00C04F79EFBC}") = "Scarlet", "Scarlet.csproj", "{6FA71601-13E6-C94E-B7D8-21AEB150B027}"
EndProject
Project("{FAE04EC0-301F-11D3-BF4B-00C04F79EFBC}") = "Scarlet.Editor", "Scarlet.Editor.csproj", "{7C66467B-414D-FE62-F0FD-2CBEEEA1D3F3}"
EndProject
Global
	GlobalSection(SolutionConfigurationPlatforms) = preSolution
		Debug|Any CPU = Debug|Any CPU
		Release|Any CPU = Release|Any CPU
	EndGlobalSection
	GlobalSection(ProjectConfigurationPlatforms) = postSolution
		{6FA71601-13E6-C94E-B7D8-21AEB150B027}.Debug|Any CPU.ActiveCfg = Debug|Any CPU
		{6FA71601-13E6-C94E-B7D8-21AEB150B027}.Debug|Any CPU.Build.0 = Debug|Any CPU
		{6FA71601-13E6-C94E-B7D8-21AEB150B027}.Release|Any CPU.ActiveCfg = Release|Any CPU
		{6FA71601-13E6-C94E-B7D8-21AEB150B027}.Release|Any CPU.Build.0 = Release|Any CPU
		{7C66467B-414D-FE62-F0FD-2CBEEEA1D3F3}.Debug|Any CPU.ActiveCfg = Debug|Any CPU
		{7C66467B-414D-FE62-F0FD-2CBEEEA1D3F3}.Debug|Any CPU.Build.0 = Debug|Any CPU
		{7C66467B-414D-FE62-F0FD-2CBEEEA1D3F3}.Release|Any CPU.ActiveCfg = Release|Any CPU
		{7C66467B-414D-FE62-F0FD-2CBEEEA1D3F3}.Release|Any CPU.Build.0 = Release|Any CPU
	EndGlobalSection
	GlobalSection(SolutionProperties) = preSolution
		HideSolutionNode = FALSE
	EndGlobalSection
EndGlobal
